github.com/davecgh/go-spew v1.1.0 h1:ZDRjVQ15GmhC3fiQ8ni8+OwkZQO4DARzQgrnXU1Liz8=
github.com/davecgh/go-spew v1.1.0/go.mod h1:J7Y8YcW2NihsgmVo/mv3lAwl/skON4iLHjSsI+c5H38=
github.com/davecgh/go-spew v1.1.1 h1:vj9j/u1bqnvCEfJOwUhtlOARqs3+rkHYY13jYWTU97c=
github.com/davecgh/go-spew v1.1.1/go.mod h1:J7Y8YcW2NihsgmVo/mv3lAwl/skON4iLHjSsI+c5H38=
github.com/dsoprea/go-exif/v2 v2.0.0-20200321225314-640175a69fe4/go.mod h1:Lm2lMM2zx8p4a34ZemkaUV95AnMl4ZvLbCUbwOvLC2E=
github.com/dsoprea/go-exif/v2 v2.0.0-20200604193436-ca8584a0e1c4 h1:Mg7pY7kxDQD2Bkvr1N+XW4BESSIQ7tTTR7Vv+Gi2CsM=
github.com/dsoprea/go-exif/v2 v2.0.0-20200604193436-ca8584a0e1c4/go.mod h1:9EXlPeHfblFFnwu5UOqmP2eoZfJyAZ2Ri/Vki33ajO0=
github.com/dsoprea/go-iptc v0.0.0-20200609062250-162ae6b44feb h1:gwjJjUr6FY7zAWVEueFPrcRHhd9+IK81TcItbqw2du4=
github.com/dsoprea/go-iptc v0.0.0-20200609062250-162ae6b44feb/go.mod h1:kYIdx9N9NaOyD7U6D+YtExN7QhRm+5kq7//yOsRXQtM=
github.com/dsoprea/go-jpeg-image-structure v0.0.0-20200615034914-d40a386309d2 h1:8HmMqu64P4ZDGtcVwZDfmS4xuLXYjf2iery8teY7d9c=
github.com/dsoprea/go-jpeg-image-structure v0.0.0-20200615034914-d40a386309d2/go.mod h1:ZoOP3yUG0HD1T4IUjIFsz/2OAB2yB4YX6NSm4K+uJRg=
github.com/dsoprea/go-logging v0.0.0-20190624164917-c4f10aab7696/go.mod h1:Nm/x2ZUNRW6Fe5C3LxdY1PyZY5wmDv/s5dkPJ/VB3iA=
github.com/dsoprea/go-logging v0.0.0-20200517223158-a10564966e9d h1:F/7L5wr/fP/SKeO5HuMlNEX9Ipyx2MbH2rV9G4zJRpk=
github.com/dsoprea/go-logging v0.0.0-20200517223158-a10564966e9d/go.mod h1:7I+3Pe2o/YSU88W0hWlm9S22W7XI1JFNJ86U0zPKMf8=
github.com/dsoprea/go-photoshop-info-format v0.0.0-20200609050348-3db9b63b202c h1:7j5aWACOzROpr+dvMtu8GnI97g9ShLWD72XIELMgn+c=
github.com/dsoprea/go-photoshop-info-format v0.0.0-20200609050348-3db9b63b202c/go.mod h1:pqKB+ijp27cEcrHxhXVgUUMlSDRuGJJp1E+20Lj5H0E=
github.com/dsoprea/go-png-image-structure v0.0.0-20200615034826-4cfc78940228 h1:GKAdOrszPH3mQ44eRg2kw9zBW0hi2L78ZNjkTx+cte0=
github.com/dsoprea/go-png-image-structure v0.0.0-20200615034826-4cfc78940228/go.mod h1:aDYQkL/5gfRNZkoxiLTSWU4Y8/gV/4MVsy/MU9uwTak=
github.com/dsoprea/go-utility v0.0.0-20200512094054-1abbbc781176 h1:CfXezFYb2STGOd1+n1HshvE191zVx+QX3A1nML5xxME=
github.com/dsoprea/go-utility v0.0.0-20200512094054-1abbbc781176/go.mod h1:95+K3z2L0mqsVYd6yveIv1lmtT3tcQQ3dVakPySffW8=
github.com/go-errors/errors v1.0.1/go.mod h1:f4zRHt4oKfwPJE5k8C9vpYG+aDHdBFUsgrm6/TyX73Q=
github.com/go-errors/errors v1.0.2 h1:xMxH9j2fNg/L4hLn/4y3M0IUsn0M6Wbu/Uh9QlOfBh4=
github.com/go-errors/errors v1.0.2/go.mod h1:psDX2osz5VnTOnFWbDeWwS7yejl+uV3FEWEp4lssFEs=
github.com/go-xmlfmt/xmlfmt v0.0.0-20191208150333-d5b6f63a941b h1:khEcpUM4yFcxg4/FHQWkvVRmgijNXRfzkIDHh23ggEo=
github.com/go-xmlfmt/xmlfmt v0.0.0-20191208150333-d5b6f63a941b/go.mod h1:aUCEOzzezBEjDBbFBoSiya/gduyIiWYRP6CnSFIV8AM=
github.com/golang/geo v0.0.0-20190916061304-5b978397cfec/go.mod h1:QZ0nwyI2jOfgRAoBvP+ab5aRr7c9x7lhGEJrKvBwjWI=
github.com/golang/geo v0.0.0-20200319012246-673a6f80352d h1:C/hKUcHT483btRbeGkrRjJz+Zbcj8audldIi9tRJDCc=
github.com/golang/geo v0.0.0-20200319012246-673a6f80352d/go.mod h1:QZ0nwyI2jOfgRAoBvP+ab5aRr7c9x7lhGEJrKvBwjWI=
github.com/jawher/mow.cli v1.1.0 h1:NdtHXRc0CwZQ507wMvQ/IS+Q3W3x2fycn973/b8Zuk8=
github.com/jawher/mow.cli v1.1.0/go.mod h1:aNaQlc7ozF3vw6IJ2dHjp2ZFiA4ozMIYY6PyuRJwlUg=
github.com/jessevdk/go-flags v1.4.0/go.mod h1:4FA24M0QyGHXBuZZK/XkWh8h0e1EYbRYJSGM75WSRxI=
github.com/pmezard/go-difflib v1.0.0 h1:4DBwDE0NGyQoBHbLQYPwSUPoCMWR5BEzIk/f1lZbAQM=
github.com/pmezard/go-difflib v1.0.0/go.mod h1:iKH77koFhYxTK1pcRnkKkqfTogsbg7gZNVY4sRDYZ/4=
github.com/stretchr/objx v0.1.0/go.mod h1:HFkY916IF+rwdDfMAkV7OtwuqBVzrE8GR6GFx+wExME=
github.com/stretchr/objx v0.2.0/go.mod h1:qt09Ya8vawLte6SNmTgCsAVtYtaKzEcn8ATUoHMkEqE=
github.com/stretchr/testify v1.3.0/go.mod h1:M5WIy9Dh21IEIfnGCwXGc5bZfKNJtfHm1UVUgZn+9EI=
github.com/stretchr/testify v1.6.1 h1:hDPOHmpOpP40lSULcqw7IrRb/u7w6RpDC9399XyoNd0=
github.com/stretchr/testify v1.6.1/go.mod h1:6Fq8oRcR53rry900zMqJjRRixrwX3KX962/h/Wwjteg=
golang.org/x/crypto v0.0.0-20190308221718-c2843e01d9a2/go.mod h1:djNgcEr1/C05ACkg1iLfiJU5Ep61QUkGW8qpdssI0+w=
golang.org/x/net v0.0.0-20191209160850-c0dbc17a3553/go.mod h1:z5CRVTTTmAJ677TzLLGU+0bjPO0LkuOLi4/5GtJWs/s=
golang.org/x/net v0.0.0-20200320220750-118fecf932d8/go.mod h1:z5CRVTTTmAJ677TzLLGU+0bjPO0LkuOLi4/5GtJWs/s=
golang.org/x/net v0.0.0-20200501053045-e0ff5e5a1de5/go.mod h1:qpuaurCH72eLCgpAm/N6yyVIVM9cpaDIP3A8BGJEC5A=
golang.org/x/net v0.0.0-20200513185701-a91f0712d120/go.mod h1:qpuaurCH72eLCgpAm/N6yyVIVM9cpaDIP3A8BGJEC5A=
golang.org/x/net v0.0.0-20200520182314-0ba52f642ac2 h1:eDrdRpKgkcCqKZQwyZRyeFZgfqt37SL7Kv3tok06cKE=
golang.org/x/net v0.0.0-20200520182314-0ba52f642ac2/go.mod h1:qpuaurCH72eLCgpAm/N6yyVIVM9cpaDIP3A8BGJEC5A=
golang.org/x/sys v0.0.0-20190215142949-d0b11bdaac8a/go.mod h1:STP8DvDyc/dI5b8T5hshtkjS+E42TnysNCUPdjciGhY=
golang.org/x/sys v0.0.0-20200323222414-85ca7c5b95cd/go.mod h1:h1NjWce9XRLGQEsW7wpKNCjG9DtNlClVuFLEZdDNbEs=
golang.org/x/text v0.3.0/go.mod h1:NqM8EUOU14njkJ3fqMW+pc6Ldnwhi/IjpwHt7yyuwOQ=
gopkg.in/check.v1 v0.0.0-20161208181325-20d25e280405/go.mod h1:Co6ibVJAznAaIkqp8huTwlJQCZ016jof/cbN4VW5Yz0=
gopkg.in/yaml.v2 v2.2.7/go.mod h1:hI93XBmqTisBFMUTm0b8Fm+jr3Dg1NNxqwp+5A1VGuI=
gopkg.in/yaml.v2 v2.3.0 h1:clyUAQHOM3G0M3f5vQj7LuJrETvjVot3Z5el9nffUtU=
gopkg.in/yaml.v2 v2.3.0/go.mod h1:hI93XBmqTisBFMUTm0b8Fm+jr3Dg1NNxqwp+5A1VGuI=
gopkg.in/yaml.v3 v3.0.0-20200313102051-9f266ea9e77c h1:dUUwHk2QECo/6vqA44rthZ8ie2QXMNeKRTHCNY2nXvo=
gopkg.in/yaml.v3 v3.0.0-20200313102051-9f266ea9e77c/go.mod h1:K4uyk7z7BCEPqu6E+C64Yfv1cQ7kz7rIZviUmN+EgEM=
